
Microsoft Visual Studio Solution File, Format Version 12.00
# Visual Studio Version 17
VisualStudioVersion = 17.4.33213.308
MinimumVisualStudioVersion = 10.0.40219.1
Project("{9A19103F-16F7-4668-BE54-9A1E7A4F7556}") = "TypedStrings", "TypedStrings\TypedStrings.csproj", "{0FD214B1-A165-444D-A2E0-536CA0C0B39B}"
EndProject
Project("{FAE04EC0-301F-11D3-BF4B-00C04F79EFBC}") = "Tests", "Tests\Tests.csproj", "{3CEE0850-E251-4B80-8B79-EE4CFD57E577}"
EndProject
Global
	GlobalSection(SolutionConfigurationPlatforms) = preSolution
		Debug|Any CPU = Debug|Any CPU
		Release|Any CPU = Release|Any CPU
	EndGlobalSection
	GlobalSection(ProjectConfigurationPlatforms) = postSolution
		{0FD214B1-A165-444D-A2E0-536CA0C0B39B}.Debug|Any CPU.ActiveCfg = Debug|Any CPU
		{0FD214B1-A165-444D-A2E0-536CA0C0B39B}.Debug|Any CPU.Build.0 = Debug|Any CPU
		{0FD214B1-A165-444D-A2E0-536CA0C0B39B}.Release|Any CPU.ActiveCfg = Release|Any CPU
		{0FD214B1-A165-444D-A2E0-536CA0C0B39B}.Release|Any CPU.Build.0 = Release|Any CPU
		{3CEE0850-E251-4B80-8B79-EE4CFD57E577}.Debug|Any CPU.ActiveCfg = Debug|Any CPU
		{3CEE0850-E251-4B80-8B79-EE4CFD57E577}.Debug|Any CPU.Build.0 = Debug|Any CPU
		{3CEE0850-E251-4B80-8B79-EE4CFD57E577}.Release|Any CPU.ActiveCfg = Release|Any CPU
		{3CEE0850-E251-4B80-8B79-EE4CFD57E577}.Release|Any CPU.Build.0 = Release|Any CPU
	EndGlobalSection
	GlobalSection(SolutionProperties) = preSolution
		HideSolutionNode = FALSE
	EndGlobalSection
	GlobalSection(ExtensibilityGlobals) = postSolution
		SolutionGuid = {9D11AD13-5C6C-4E87-9388-2917AAE9E446}
	EndGlobalSection
EndGlobal
